{
  "version": 4,
  "terraform_version": "0.13.0",
  "serial": 44,
  "lineage": "e963c014-8453-bcbd-3dfd-bde3d54538de",
  "outputs": {},
  "resources": [
    {
      "module": "module.networking",
      "mode": "data",
      "type": "aws_region",
      "name": "current",
      "provider": "provider[\"registry.terraform.io/hashicorp/aws\"]",
      "instances": [
        {
          "schema_version": 0,
          "attributes": {
            "description": "US East (N. Virginia)",
            "endpoint": "ec2.us-east-1.amazonaws.com",
            "id": "us-east-1",
            "name": "us-east-1"
          }
        }
      ]
    },
    {
      "module": "module.ec2",
      "mode": "managed",
      "type": "aws_instance",
      "name": "private",
      "provider": "provider[\"registry.terraform.io/hashicorp/aws\"]",
      "instances": [
        {
          "schema_version": 1,
          "attributes": {
            "ami": "ami-012072da24536243b",
            "arn": "arn:aws:ec2:us-east-1:207567794527:instance/i-0681eda4f96f03a9b",
            "associate_public_ip_address": false,
            "availability_zone": "us-east-1a",
            "capacity_reservation_specification": [
              {
                "capacity_reservation_preference": "open",
                "capacity_reservation_target": []
              }
            ],
            "cpu_core_count": 1,
            "cpu_options": [
              {
                "amd_sev_snp": "",
                "core_count": 1,
                "threads_per_core": 2
              }
            ],
            "cpu_threads_per_core": 2,
            "credit_specification": [
              {
                "cpu_credits": "unlimited"
              }
            ],
            "disable_api_stop": false,
            "disable_api_termination": false,
            "ebs_block_device": [],
            "ebs_optimized": false,
            "enclave_options": [
              {
                "enabled": false
              }
            ],
            "ephemeral_block_device": [],
            "get_password_data": false,
            "hibernation": false,
            "host_id": "",
            "host_resource_group_arn": null,
            "iam_instance_profile": "",
            "id": "i-0681eda4f96f03a9b",
            "instance_initiated_shutdown_behavior": "stop",
            "instance_state": "running",
            "instance_type": "t3.micro",
            "ipv6_address_count": 0,
            "ipv6_addresses": [],
            "key_name": "teraaform-key",
            "launch_template": [],
            "maintenance_options": [
              {
                "auto_recovery": "default"
              }
            ],
            "metadata_options": [
              {
                "http_endpoint": "enabled",
                "http_put_response_hop_limit": 1,
                "http_tokens": "optional",
                "instance_metadata_tags": "disabled"
              }
            ],
            "monitoring": false,
            "network_interface": [],
            "outpost_arn": "",
            "password_data": "",
            "placement_group": "",
            "placement_partition_number": 0,
            "primary_network_interface_id": "eni-005788d2711b2c4c3",
            "private_dns": "ip-10-0-2-49.ec2.internal",
            "private_dns_name_options": [
              {
                "enable_resource_name_dns_a_record": false,
                "enable_resource_name_dns_aaaa_record": false,
                "hostname_type": "ip-name"
              }
            ],
            "private_ip": "10.0.2.49",
            "public_dns": "",
            "public_ip": "",
            "root_block_device": [
              {
                "delete_on_termination": true,
                "device_name": "/dev/xvda",
                "encrypted": false,
                "iops": 100,
                "kms_key_id": "",
                "tags": {},
                "throughput": 0,
                "volume_id": "vol-0b5f33a797a9490b3",
                "volume_size": 10,
                "volume_type": "gp2"
              }
            ],
            "secondary_private_ips": [],
            "security_groups": [],
            "source_dest_check": true,
            "subnet_id": "subnet-0f4434b89b8cd9119",
            "tags": {
              "Name": "teraaform-private"
            },
            "tags_all": {
              "Name": "teraaform-private"
            },
            "tenancy": "default",
            "timeouts": null,
            "user_data": null,
            "user_data_base64": null,
            "user_data_replace_on_change": false,
            "volume_tags": null,
            "vpc_security_group_ids": [
              "sg-068e0f6decdc0fba9"
            ]
          },
          "private": "eyJlMmJmYjczMC1lY2FhLTExZTYtOGY4OC0zNDM2M2JjN2M0YzAiOnsiY3JlYXRlIjo2MDAwMDAwMDAwMDAsImRlbGV0ZSI6MTIwMDAwMDAwMDAwMCwidXBkYXRlIjo2MDAwMDAwMDAwMDB9LCJzY2hlbWFfdmVyc2lvbiI6IjEifQ==",
          "dependencies": [
            "module.ec2.aws_security_group.private",
            "module.ec2.aws_security_group.public",
            "module.networking.aws_subnet.private",
            "module.networking.aws_vpc.main",
            "module.networking.data.aws_region.current",
            "module.ssh_key.aws_key_pair.generated",
            "module.ssh_key.tls_private_key.ssh"
          ]
        }
      ]
    },
    {
      "module": "module.ec2",
      "mode": "managed",
      "type": "aws_instance",
      "name": "public",
      "provider": "provider[\"registry.terraform.io/hashicorp/aws\"]",
      "instances": [
        {
          "schema_version": 1,
          "attributes": {
            "ami": "ami-012072da24536243b",
            "arn": "arn:aws:ec2:us-east-1:207567794527:instance/i-018b64ce38d2279ac",
            "associate_public_ip_address": true,
            "availability_zone": "us-east-1a",
            "capacity_reservation_specification": [
              {
                "capacity_reservation_preference": "open",
                "capacity_reservation_target": []
              }
            ],
            "cpu_core_count": 1,
            "cpu_options": [
              {
                "amd_sev_snp": "",
                "core_count": 1,
                "threads_per_core": 2
              }
            ],
            "cpu_threads_per_core": 2,
            "credit_specification": [
              {
                "cpu_credits": "unlimited"
              }
            ],
            "disable_api_stop": false,
            "disable_api_termination": false,
            "ebs_block_device": [],
            "ebs_optimized": false,
            "enclave_options": [
              {
                "enabled": false
              }
            ],
            "ephemeral_block_device": [],
            "get_password_data": false,
            "hibernation": false,
            "host_id": "",
            "host_resource_group_arn": null,
            "iam_instance_profile": "",
            "id": "i-018b64ce38d2279ac",
            "instance_initiated_shutdown_behavior": "stop",
            "instance_state": "running",
            "instance_type": "t3.micro",
            "ipv6_address_count": 0,
            "ipv6_addresses": [],
            "key_name": "teraaform-key",
            "launch_template": [],
            "maintenance_options": [
              {
                "auto_recovery": "default"
              }
            ],
            "metadata_options": [
              {
                "http_endpoint": "enabled",
                "http_put_response_hop_limit": 1,
                "http_tokens": "optional",
                "instance_metadata_tags": "disabled"
              }
            ],
            "monitoring": false,
            "network_interface": [],
            "outpost_arn": "",
            "password_data": "",
            "placement_group": "",
            "placement_partition_number": 0,
            "primary_network_interface_id": "eni-097f1c51669f9efd6",
            "private_dns": "ip-10-0-1-186.ec2.internal",
            "private_dns_name_options": [
              {
                "enable_resource_name_dns_a_record": false,
                "enable_resource_name_dns_aaaa_record": false,
                "hostname_type": "ip-name"
              }
            ],
            "private_ip": "10.0.1.186",
            "public_dns": "ec2-18-234-228-63.compute-1.amazonaws.com",
            "public_ip": "18.234.228.63",
            "root_block_device": [
              {
                "delete_on_termination": true,
                "device_name": "/dev/xvda",
                "encrypted": false,
                "iops": 100,
                "kms_key_id": "",
                "tags": {},
                "throughput": 0,
                "volume_id": "vol-0a77c8a46ae2e3008",
                "volume_size": 10,
                "volume_type": "gp2"
              }
            ],
            "secondary_private_ips": [],
            "security_groups": [],
            "source_dest_check": true,
            "subnet_id": "subnet-07514ee694a101e8a",
            "tags": {
              "Name": "teraaform-public"
            },
            "tags_all": {
              "Name": "teraaform-public"
            },
            "tenancy": "default",
            "timeouts": null,
            "user_data": "5b7cdf03005ffbd7e69de5459a6d55667ff6f978",
            "user_data_base64": null,
            "user_data_replace_on_change": false,
            "volume_tags": null,
            "vpc_security_group_ids": [
              "sg-05a4335c1d272b0e8"
            ]
          },
          "private": "eyJlMmJmYjczMC1lY2FhLTExZTYtOGY4OC0zNDM2M2JjN2M0YzAiOnsiY3JlYXRlIjo2MDAwMDAwMDAwMDAsImRlbGV0ZSI6MTIwMDAwMDAwMDAwMCwidXBkYXRlIjo2MDAwMDAwMDAwMDB9LCJzY2hlbWFfdmVyc2lvbiI6IjEifQ==",
          "dependencies": [
            "module.ec2.aws_security_group.public",
            "module.networking.aws_subnet.public",
            "module.networking.aws_vpc.main",
            "module.networking.data.aws_region.current",
            "module.ssh_key.aws_key_pair.generated",
            "module.ssh_key.tls_private_key.ssh"
          ]
        }
      ]
    },
    {
      "module": "module.networking",
      "mode": "managed",
      "type": "aws_internet_gateway",
      "name": "main",
      "provider": "provider[\"registry.terraform.io/hashicorp/aws\"]",
      "instances": [
        {
          "schema_version": 0,
          "attributes": {
            "arn": "arn:aws:ec2:us-east-1:207567794527:internet-gateway/igw-011522efe35a83bf1",
            "id": "igw-011522efe35a83bf1",
            "owner_id": "207567794527",
            "tags": {
              "Name": "teraaform-igw"
            },
            "tags_all": {
              "Name": "teraaform-igw"
            },
            "timeouts": null,
            "vpc_id": "vpc-00032301ca51ce2d5"
          },
          "private": "eyJlMmJmYjczMC1lY2FhLTExZTYtOGY4OC0zNDM2M2JjN2M0YzAiOnsiY3JlYXRlIjoxMjAwMDAwMDAwMDAwLCJkZWxldGUiOjEyMDAwMDAwMDAwMDAsInVwZGF0ZSI6MTIwMDAwMDAwMDAwMH19",
          "dependencies": [
            "module.networking.aws_vpc.main"
          ]
        }
      ]
    },
    {
      "module": "module.ssh_key",
      "mode": "managed",
      "type": "aws_key_pair",
      "name": "generated",
      "provider": "provider[\"registry.terraform.io/hashicorp/aws\"]",
      "instances": [
        {
          "schema_version": 1,
          "attributes": {
            "arn": "arn:aws:ec2:us-east-1:207567794527:key-pair/teraaform-key",
            "fingerprint": "a8:5a:0b:31:45:aa:ca:df:07:81:2f:2a:07:21:1a:ea",
            "id": "teraaform-key",
            "key_name": "teraaform-key",
            "key_name_prefix": "",
            "key_pair_id": "key-09fcd0c36cf77c87c",
            "key_type": "rsa",
            "public_key": "ssh-rsa AAAAB3NzaC1yc2EAAAADAQABAAACAQC9BpsrAO1kyHpJ48ulmCEjFsvD7fv3qAL+GiqCaGA4q8YfWbNm8H4ssVabYwSTODUU6Fqx1BE8KD1YutW792pnoUZjNFH37SRN4ZKOgUmE8IBPQBriWOcoW9xxluTRZOBfH+aGCHxwzCBllgfJxnI4R0/Xt2j97JTyO6/T82piOA3VRez38okFLqopdTsSWmmuKLQ9KtxeJ4u9kd8OH4uB0k2MEygz6ttuQ5mhoQsBBQSEUsTH+qjpbN/+DNJucwAliLX6s/K8kcvkJ0bdaFZ6Uf51NEPIo/UfRz2eRfkU9RM0Zm9DEiGaN8ijLGp4ljr208KbGrXQ96a8s39SfRurkKn/av0fhYj2VudvYRLMJpx/xKYtw8cP4EJxTtyRXKnkSb0GYaKiRGun7j7zTAnGTV1jx3JcUs57JeDoQhGuNwAy8RWDkrAAwNdNco0c6O+fUIgKKv+Z6NGeYjgBFre0ORRCfarhI/OqOdN2NUI7iMp9lbhUPy/Li1Az5H5iKA6wEUtb9q5Yz/rHUQsh9zzZk+HvszArZ0HKsNt26e9J3z1jP1ro46sxRYb2hKxNzWsGgTMeyTKK3fhhDHK7SOcZK5BmKj8MJIoVwT2Zeo07Rni+c5EJhT4I8I4t1Y5dwz0CJLc8UCucHNtK9TKb4+NNlXNjPnjZvXRvEylG/6vHCw==",
            "tags": null,
            "tags_all": {}
          },
          "private": "eyJzY2hlbWFfdmVyc2lvbiI6IjEifQ==",
          "dependencies": [
            "module.ssh_key.tls_private_key.ssh"
          ]
        }
      ]
    },
    {
      "module": "module.networking",
      "mode": "managed",
      "type": "aws_route_table",
      "name": "public",
      "provider": "provider[\"registry.terraform.io/hashicorp/aws\"]",
      "instances": [
        {
          "schema_version": 0,
          "attributes": {
            "arn": "arn:aws:ec2:us-east-1:207567794527:route-table/rtb-0acf02d83d38c1eff",
            "id": "rtb-0acf02d83d38c1eff",
            "owner_id": "207567794527",
            "propagating_vgws": [],
            "route": [
              {
                "carrier_gateway_id": "",
                "cidr_block": "0.0.0.0/0",
                "core_network_arn": "",
                "destination_prefix_list_id": "",
                "egress_only_gateway_id": "",
                "gateway_id": "igw-011522efe35a83bf1",
                "instance_id": "",
                "ipv6_cidr_block": "",
                "local_gateway_id": "",
                "nat_gateway_id": "",
                "network_interface_id": "",
                "transit_gateway_id": "",
                "vpc_endpoint_id": "",
                "vpc_peering_connection_id": ""
              }
            ],
            "tags": {
              "Name": "teraaform-public-rt"
            },
            "tags_all": {
              "Name": "teraaform-public-rt"
            },
            "timeouts": null,
            "vpc_id": "vpc-00032301ca51ce2d5"
          },
          "private": "eyJlMmJmYjczMC1lY2FhLTExZTYtOGY4OC0zNDM2M2JjN2M0YzAiOnsiY3JlYXRlIjozMDAwMDAwMDAwMDAsImRlbGV0ZSI6MzAwMDAwMDAwMDAwLCJ1cGRhdGUiOjEyMDAwMDAwMDAwMH19",
          "dependencies": [
            "module.networking.aws_internet_gateway.main",
            "module.networking.aws_vpc.main"
          ]
        }
      ]
    },
    {
      "module": "module.networking",
      "mode": "managed",
      "type": "aws_route_table_association",
      "name": "public",
      "provider": "provider[\"registry.terraform.io/hashicorp/aws\"]",
      "instances": [
        {
          "schema_version": 0,
          "attributes": {
            "gateway_id": "",
            "id": "rtbassoc-0eed014d68d8a6e05",
            "route_table_id": "rtb-0acf02d83d38c1eff",
            "subnet_id": "subnet-07514ee694a101e8a",
            "timeouts": null
          },
          "private": "eyJlMmJmYjczMC1lY2FhLTExZTYtOGY4OC0zNDM2M2JjN2M0YzAiOnsiY3JlYXRlIjozMDAwMDAwMDAwMDAsImRlbGV0ZSI6MzAwMDAwMDAwMDAwLCJ1cGRhdGUiOjEyMDAwMDAwMDAwMH19",
          "dependencies": [
            "module.networking.aws_internet_gateway.main",
            "module.networking.aws_route_table.public",
            "module.networking.aws_subnet.public",
            "module.networking.aws_vpc.main",
            "module.networking.data.aws_region.current"
          ]
        }
      ]
    },
    {
      "module": "module.ec2",
      "mode": "managed",
      "type": "aws_security_group",
      "name": "private",
      "provider": "provider[\"registry.terraform.io/hashicorp/aws\"]",
      "instances": [
        {
          "schema_version": 1,
          "attributes": {
            "arn": "arn:aws:ec2:us-east-1:207567794527:security-group/sg-068e0f6decdc0fba9",
            "description": "Private security group",
            "egress": [
              {
                "cidr_blocks": [
                  "0.0.0.0/0"
                ],
                "description": "",
                "from_port": 0,
                "ipv6_cidr_blocks": [],
                "prefix_list_ids": [],
                "protocol": "-1",
                "security_groups": [],
                "self": false,
                "to_port": 0
              }
            ],
            "id": "sg-068e0f6decdc0fba9",
            "ingress": [
              {
                "cidr_blocks": [],
                "description": "",
                "from_port": 22,
                "ipv6_cidr_blocks": [],
                "prefix_list_ids": [],
                "protocol": "tcp",
                "security_groups": [
                  "sg-05a4335c1d272b0e8"
                ],
                "self": false,
                "to_port": 22
              }
            ],
            "name": "teraaform-private-sg",
            "name_prefix": "",
            "owner_id": "207567794527",
            "revoke_rules_on_delete": false,
            "tags": null,
            "tags_all": {},
            "timeouts": null,
            "vpc_id": "vpc-00032301ca51ce2d5"
          },
          "private": "eyJlMmJmYjczMC1lY2FhLTExZTYtOGY4OC0zNDM2M2JjN2M0YzAiOnsiY3JlYXRlIjo2MDAwMDAwMDAwMDAsImRlbGV0ZSI6OTAwMDAwMDAwMDAwfSwic2NoZW1hX3ZlcnNpb24iOiIxIn0=",
          "dependencies": [
            "module.ec2.aws_security_group.public",
            "module.networking.aws_vpc.main"
          ]
        }
      ]
    },
    {
      "module": "module.ec2",
      "mode": "managed",
      "type": "aws_security_group",
      "name": "public",
      "provider": "provider[\"registry.terraform.io/hashicorp/aws\"]",
      "instances": [
        {
          "schema_version": 1,
          "attributes": {
            "arn": "arn:aws:ec2:us-east-1:207567794527:security-group/sg-05a4335c1d272b0e8",
            "description": "Public security group",
            "egress": [
              {
                "cidr_blocks": [
                  "0.0.0.0/0"
                ],
                "description": "",
                "from_port": 0,
                "ipv6_cidr_blocks": [],
                "prefix_list_ids": [],
                "protocol": "-1",
                "security_groups": [],
                "self": false,
                "to_port": 0
              }
            ],
            "id": "sg-05a4335c1d272b0e8",
            "ingress": [
              {
                "cidr_blocks": [
                  "0.0.0.0/0"
                ],
                "description": "",
                "from_port": 22,
                "ipv6_cidr_blocks": [],
                "prefix_list_ids": [],
                "protocol": "tcp",
                "security_groups": [],
                "self": false,
                "to_port": 22
              },
              {
                "cidr_blocks": [
                  "0.0.0.0/0"
                ],
                "description": "",
                "from_port": 80,
                "ipv6_cidr_blocks": [],
                "prefix_list_ids": [],
                "protocol": "tcp",
                "security_groups": [],
                "self": false,
                "to_port": 80
              }
            ],
            "name": "teraaform-public-sg",
            "name_prefix": "",
            "owner_id": "207567794527",
            "revoke_rules_on_delete": false,
            "tags": null,
            "tags_all": {},
            "timeouts": null,
            "vpc_id": "vpc-00032301ca51ce2d5"
          },
          "private": "eyJlMmJmYjczMC1lY2FhLTExZTYtOGY4OC0zNDM2M2JjN2M0YzAiOnsiY3JlYXRlIjo2MDAwMDAwMDAwMDAsImRlbGV0ZSI6OTAwMDAwMDAwMDAwfSwic2NoZW1hX3ZlcnNpb24iOiIxIn0=",
          "dependencies": [
            "module.networking.aws_vpc.main"
          ]
        }
      ]
    },
    {
      "module": "module.networking",
      "mode": "managed",
      "type": "aws_subnet",
      "name": "private",
      "provider": "provider[\"registry.terraform.io/hashicorp/aws\"]",
      "instances": [
        {
          "schema_version": 1,
          "attributes": {
            "arn": "arn:aws:ec2:us-east-1:207567794527:subnet/subnet-0f4434b89b8cd9119",
            "assign_ipv6_address_on_creation": false,
            "availability_zone": "us-east-1a",
            "availability_zone_id": "use1-az6",
            "cidr_block": "10.0.2.0/24",
            "customer_owned_ipv4_pool": "",
            "enable_dns64": false,
            "enable_lni_at_device_index": 0,
            "enable_resource_name_dns_a_record_on_launch": false,
            "enable_resource_name_dns_aaaa_record_on_launch": false,
            "id": "subnet-0f4434b89b8cd9119",
            "ipv6_cidr_block": "",
            "ipv6_cidr_block_association_id": "",
            "ipv6_native": false,
            "map_customer_owned_ip_on_launch": false,
            "map_public_ip_on_launch": false,
            "outpost_arn": "",
            "owner_id": "207567794527",
            "private_dns_hostname_type_on_launch": "ip-name",
            "tags": {
              "Name": "teraaform-private"
            },
            "tags_all": {
              "Name": "teraaform-private"
            },
            "timeouts": null,
            "vpc_id": "vpc-00032301ca51ce2d5"
          },
          "private": "eyJlMmJmYjczMC1lY2FhLTExZTYtOGY4OC0zNDM2M2JjN2M0YzAiOnsiY3JlYXRlIjo2MDAwMDAwMDAwMDAsImRlbGV0ZSI6MTIwMDAwMDAwMDAwMH0sInNjaGVtYV92ZXJzaW9uIjoiMSJ9",
          "dependencies": [
            "module.networking.aws_vpc.main",
            "module.networking.data.aws_region.current"
          ]
        }
      ]
    },
    {
      "module": "module.networking",
      "mode": "managed",
      "type": "aws_subnet",
      "name": "public",
      "provider": "provider[\"registry.terraform.io/hashicorp/aws\"]",
      "instances": [
        {
          "schema_version": 1,
          "attributes": {
            "arn": "arn:aws:ec2:us-east-1:207567794527:subnet/subnet-07514ee694a101e8a",
            "assign_ipv6_address_on_creation": false,
            "availability_zone": "us-east-1a",
            "availability_zone_id": "use1-az6",
            "cidr_block": "10.0.1.0/24",
            "customer_owned_ipv4_pool": "",
            "enable_dns64": false,
            "enable_lni_at_device_index": 0,
            "enable_resource_name_dns_a_record_on_launch": false,
            "enable_resource_name_dns_aaaa_record_on_launch": false,
            "id": "subnet-07514ee694a101e8a",
            "ipv6_cidr_block": "",
            "ipv6_cidr_block_association_id": "",
            "ipv6_native": false,
            "map_customer_owned_ip_on_launch": false,
            "map_public_ip_on_launch": true,
            "outpost_arn": "",
            "owner_id": "207567794527",
            "private_dns_hostname_type_on_launch": "ip-name",
            "tags": {
              "Name": "teraaform-public"
            },
            "tags_all": {
              "Name": "teraaform-public"
            },
            "timeouts": null,
            "vpc_id": "vpc-00032301ca51ce2d5"
          },
          "private": "eyJlMmJmYjczMC1lY2FhLTExZTYtOGY4OC0zNDM2M2JjN2M0YzAiOnsiY3JlYXRlIjo2MDAwMDAwMDAwMDAsImRlbGV0ZSI6MTIwMDAwMDAwMDAwMH0sInNjaGVtYV92ZXJzaW9uIjoiMSJ9",
          "dependencies": [
            "module.networking.aws_vpc.main",
            "module.networking.data.aws_region.current"
          ]
        }
      ]
    },
    {
      "module": "module.networking",
      "mode": "managed",
      "type": "aws_vpc",
      "name": "main",
      "provider": "provider[\"registry.terraform.io/hashicorp/aws\"]",
      "instances": [
        {
          "schema_version": 1,
          "attributes": {
            "arn": "arn:aws:ec2:us-east-1:207567794527:vpc/vpc-00032301ca51ce2d5",
            "assign_generated_ipv6_cidr_block": false,
            "cidr_block": "10.0.0.0/16",
            "default_network_acl_id": "acl-0546455a7c8691419",
            "default_route_table_id": "rtb-0cc3a482dde8586aa",
            "default_security_group_id": "sg-0ea15fce9179889cc",
            "dhcp_options_id": "dopt-0f95a53019961b01c",
            "enable_classiclink": false,
            "enable_classiclink_dns_support": false,
            "enable_dns_hostnames": true,
            "enable_dns_support": true,
            "enable_network_address_usage_metrics": false,
            "id": "vpc-00032301ca51ce2d5",
            "instance_tenancy": "default",
            "ipv4_ipam_pool_id": null,
            "ipv4_netmask_length": null,
            "ipv6_association_id": "",
            "ipv6_cidr_block": "",
            "ipv6_cidr_block_network_border_group": "",
            "ipv6_ipam_pool_id": "",
            "ipv6_netmask_length": 0,
            "main_route_table_id": "rtb-0cc3a482dde8586aa",
            "owner_id": "207567794527",
            "tags": {
              "Name": "teraaform-vpc"
            },
            "tags_all": {
              "Name": "teraaform-vpc"
            }
          },
          "private": "eyJzY2hlbWFfdmVyc2lvbiI6IjEifQ=="
        }
      ]
    },
    {
      "module": "module.ssh_key",
      "mode": "managed",
      "type": "tls_private_key",
      "name": "ssh",
      "provider": "provider[\"registry.terraform.io/hashicorp/tls\"]",
      "instances": [
        {
          "schema_version": 1,
          "attributes": {
            "algorithm": "RSA",
            "ecdsa_curve": "P224",
            "id": "0df91562136642ce5dd5b631457578ee13d23035",
            "private_key_openssh": "-----BEGIN OPENSSH PRIVATE KEY-----\nb3BlbnNzaC1rZXktdjEAAAAABG5vbmUAAAAEbm9uZQAAAAAAAAABAAACFwAAAAdz\nc2gtcnNhAAAAAwEAAQAAAgEAvQabKwDtZMh6SePLpZghIxbLw+3796gC/hoqgmhg\nOKvGH1mzZvB+LLFWm2MEkzg1FOhasdQRPCg9WLrVu/dqZ6FGYzRR9+0kTeGSjoFJ\nhPCAT0Aa4ljnKFvccZbk0WTgXx/mhgh8cMwgZZYHycZyOEdP17do/eyU8juv0/Nq\nYjgN1UXs9/KJBS6qKXU7Elpprii0PSrcXieLvZHfDh+LgdJNjBMoM+rbbkOZoaEL\nAQUEhFLEx/qo6Wzf/gzSbnMAJYi1+rPyvJHL5CdG3WhWelH+dTRDyKP1H0c9nkX5\nFPUTNGZvQxIhmjfIoyxqeJY69tPCmxq10PemvLN/Un0bq5Cp/2r9H4WI9lbnb2ES\nzCacf8SmLcPHD+BCcU7ckVyp5Em9BmGiokRrp+4+80wJxk1dY8dyXFLOeyXg6EIR\nrjcAMvEVg5KwAMDXTXKNHOjvn1CICir/mejRnmI4ARa3tDkUQn2q4SPzqjnTdjVC\nO4jKfZW4VD8vy4tQM+R+YigOsBFLW/auWM/6x1ELIfc82ZPh77MwK2dByrDbdunv\nSd89Yz9a6OOrMUWG9oSsTc1rBoEzHskyit34YQxyu0jnGSuQZio/DCSKFcE9mXqN\nO0Z4vnORCYU+CPCOLdWOXcM9AiS3PFArnBzbSvUym+PjTZVzYz542b10bxMpRv+r\nxwsAAAc4UPTUUVD01FEAAAAHc3NoLXJzYQAAAgEAvQabKwDtZMh6SePLpZghIxbL\nw+3796gC/hoqgmhgOKvGH1mzZvB+LLFWm2MEkzg1FOhasdQRPCg9WLrVu/dqZ6FG\nYzRR9+0kTeGSjoFJhPCAT0Aa4ljnKFvccZbk0WTgXx/mhgh8cMwgZZYHycZyOEdP\n17do/eyU8juv0/NqYjgN1UXs9/KJBS6qKXU7Elpprii0PSrcXieLvZHfDh+LgdJN\njBMoM+rbbkOZoaELAQUEhFLEx/qo6Wzf/gzSbnMAJYi1+rPyvJHL5CdG3WhWelH+\ndTRDyKP1H0c9nkX5FPUTNGZvQxIhmjfIoyxqeJY69tPCmxq10PemvLN/Un0bq5Cp\n/2r9H4WI9lbnb2ESzCacf8SmLcPHD+BCcU7ckVyp5Em9BmGiokRrp+4+80wJxk1d\nY8dyXFLOeyXg6EIRrjcAMvEVg5KwAMDXTXKNHOjvn1CICir/mejRnmI4ARa3tDkU\nQn2q4SPzqjnTdjVCO4jKfZW4VD8vy4tQM+R+YigOsBFLW/auWM/6x1ELIfc82ZPh\n77MwK2dByrDbdunvSd89Yz9a6OOrMUWG9oSsTc1rBoEzHskyit34YQxyu0jnGSuQ\nZio/DCSKFcE9mXqNO0Z4vnORCYU+CPCOLdWOXcM9AiS3PFArnBzbSvUym+PjTZVz\nYz542b10bxMpRv+rxwsAAAADAQABAAACAQCzwL56LI2T05mG/prARGTuq1TmYz/D\nCQCfh155WKx399GWKoUSFQzHj3Sem5DUNxUzZqoohVRGcrWz1Sg/cU68cX8wA6cX\nL2ngrevinEu/ob1Cn+Fw8b4QgRqm4imCfn1nuDxNpXBBC7ybHgsV9CLWJeplZsLv\nBbW2jM/trIK0GD3/XFm2h+uJBBFJD3Q3RcdNmOOdb07UMqMOiNMm6RSPRd/8npMS\nm/pDZwGH1E9UjuL2uobq7REHuUNgoezSn4W6K8FyQQFKFRNhSYB4OCpUc/iYmDUF\nbfVB40tTYZM2PMAginCvxWQy9W1Uzn4JYkN8SW+8c7AGohrrQ36GgPZ3kWvuOFun\n0BE1J/P3K0mIi29kEOW03Y5DNKdCS6UBgZHed84+yxgAusC+dnqMfwMQjAsWSrBw\nnrstzudsLz0bIr2cU4g5dqUoZRBkOTb0fGmctYVrN9wCkRtLvD/qN6WfdJW1kyfg\nhyIPvdRwKSrd7Kq2DqUBxmf1Xh0iPQXogp0cWGGHK4K5Gf8H/UlCd5CNk35p7y4V\nIU/g2TKKpQtVVd5qb5DKoEKZhHAd3UXAZTLyVOXfvIH9ChJ2cOMNFkaN3caIrCdF\nYJmDtgE4rL65nRU9mNUxUmAvEyoks+q3YbbxeJhOL/rapT1xSZsuVfsWcpLneUnT\nfgWcdpVVRdCcIQAAAQBrlzudZbq1xgReR+16gKTMT8RBPXyMcqXTMEV2IXrm0wHH\n6Ymf3mf6mP+j2jLdE9GertcB1U4HP+ENiM2FZ1ao4NwFVTUHbhJ5HC+NHa57XWth\nn7NLLzz2IfAeva8KNLGAPCjyuTx6Sc0ifwvZPeuHtur+pBU7qOcqHu1JP0DRIxwg\nHMfz9+5CfJDXTGsrzEhFnXgNpeoAf3efCksL34J34oBYQzM3GQcfpczPz8xZvl2f\nDf5/98acOORYG/fl2KX2lkFVg7tspqaqjkF8Hu9vpHMPYyUTqLHrjRJxYWvoKTBn\ntMpNwhzwqdnKWZ04KEqkdAtqhJ8hvMdHLljHI00dAAABAQD1GS97ryuAgaVrZ2em\nduQx+QxYfSRKoHw2d9qWOtjLQJhqQ8e5AoOgaNkUqVwXg/+eB1jomO89Iv8slbI5\nwBBDcJN53v3zL3bKWZeVoSKzlc/ibmm9SSBa9ACHQj3P/kAuduTP/zpT7HLTZ0yq\n45GcRDt3JfarGvQ7T5Eflgws9bzaEsAHuxC9WwbRcNhDuNqiUaHvckqcSpVMldv7\nOtzwlQOv+W2dMjeKmK3zbPqhs/aZJ3QY4daoeATS6fvb2MqhW2IzacofeWjhD7lP\n4BiMNkaPFyB1Nk9TyyTK+2xR9Wgi1e+cvPH8DYdbpw0btdjt9u/9YmiYFUAoL3Tp\nXsuJAAABAQDFbvMpRdokbHNpXzBKmwkzCOFVymvW17joeRJZ3JzH+wVcjNPrMySm\nt0uYgYqDoWPO3C6d2rPMSFSWvrtEYFRI2afbbBDaokzIKURrDTGGeCDyYkfWMPCj\n1Y/kGNL+fsyNpUCG0F4V9IoKCiT3Vae7edVoX986YOqknnf1RWCNSsGOQ4d7I2ei\nI2VBxtUx/uS+mGxFIlfJgeRb2oa/uJS5Ax6LIvhEqxk7Y2SI+/fcZeurQDOc+jKa\nRgVGkN1bgl+TxsE6SjbW00F2GztsaQD+9iT9mHzLLdBa8XxYGucSqWBahFS55thU\nxiVuwecgJGaKpQBP1DbmQbAg/Ba0ovTzAAAAAAEC\n-----END OPENSSH PRIVATE KEY-----\n",
            "private_key_pem": "-----BEGIN RSA PRIVATE KEY-----\nMIIJKAIBAAKCAgEAvQabKwDtZMh6SePLpZghIxbLw+3796gC/hoqgmhgOKvGH1mz\nZvB+LLFWm2MEkzg1FOhasdQRPCg9WLrVu/dqZ6FGYzRR9+0kTeGSjoFJhPCAT0Aa\n4ljnKFvccZbk0WTgXx/mhgh8cMwgZZYHycZyOEdP17do/eyU8juv0/NqYjgN1UXs\n9/KJBS6qKXU7Elpprii0PSrcXieLvZHfDh+LgdJNjBMoM+rbbkOZoaELAQUEhFLE\nx/qo6Wzf/gzSbnMAJYi1+rPyvJHL5CdG3WhWelH+dTRDyKP1H0c9nkX5FPUTNGZv\nQxIhmjfIoyxqeJY69tPCmxq10PemvLN/Un0bq5Cp/2r9H4WI9lbnb2ESzCacf8Sm\nLcPHD+BCcU7ckVyp5Em9BmGiokRrp+4+80wJxk1dY8dyXFLOeyXg6EIRrjcAMvEV\ng5KwAMDXTXKNHOjvn1CICir/mejRnmI4ARa3tDkUQn2q4SPzqjnTdjVCO4jKfZW4\nVD8vy4tQM+R+YigOsBFLW/auWM/6x1ELIfc82ZPh77MwK2dByrDbdunvSd89Yz9a\n6OOrMUWG9oSsTc1rBoEzHskyit34YQxyu0jnGSuQZio/DCSKFcE9mXqNO0Z4vnOR\nCYU+CPCOLdWOXcM9AiS3PFArnBzbSvUym+PjTZVzYz542b10bxMpRv+rxwsCAwEA\nAQKCAgEAs8C+eiyNk9OZhv6awERk7qtU5mM/wwkAn4deeVisd/fRliqFEhUMx490\nnpuQ1DcVM2aqKIVURnK1s9UoP3FOvHF/MAOnFy9p4K3r4pxLv6G9Qp/hcPG+EIEa\npuIpgn59Z7g8TaVwQQu8mx4LFfQi1iXqZWbC7wW1tozP7ayCtBg9/1xZtofriQQR\nSQ90N0XHTZjjnW9O1DKjDojTJukUj0Xf/J6TEpv6Q2cBh9RPVI7i9rqG6u0RB7lD\nYKHs0p+FuivBckEBShUTYUmAeDgqVHP4mJg1BW31QeNLU2GTNjzAIIpwr8VkMvVt\nVM5+CWJDfElvvHOwBqIa60N+hoD2d5Fr7jhbp9ARNSfz9ytJiItvZBDltN2OQzSn\nQkulAYGR3nfOPssYALrAvnZ6jH8DEIwLFkqwcJ67Lc7nbC89GyK9nFOIOXalKGUQ\nZDk29HxpnLWFazfcApEbS7w/6jeln3SVtZMn4IciD73UcCkq3eyqtg6lAcZn9V4d\nIj0F6IKdHFhhhyuCuRn/B/1JQneQjZN+ae8uFSFP4NkyiqULVVXeam+QyqBCmYRw\nHd1FwGUy8lTl37yB/QoSdnDjDRZGjd3GiKwnRWCZg7YBOKy+uZ0VPZjVMVJgLxMq\nJLPqt2G28XiYTi/62qU9cUmbLlX7FnKS53lJ034FnHaVVUXQnCECggEBAPUZL3uv\nK4CBpWtnZ6Z25DH5DFh9JEqgfDZ32pY62MtAmGpDx7kCg6Bo2RSpXBeD/54HWOiY\n7z0i/yyVsjnAEENwk3ne/fMvdspZl5WhIrOVz+Juab1JIFr0AIdCPc/+QC525M//\nOlPsctNnTKrjkZxEO3cl9qsa9DtPkR+WDCz1vNoSwAe7EL1bBtFw2EO42qJRoe9y\nSpxKlUyV2/s63PCVA6/5bZ0yN4qYrfNs+qGz9pkndBjh1qh4BNLp+9vYyqFbYjNp\nyh95aOEPuU/gGIw2Ro8XIHU2T1PLJMr7bFH1aCLV75y88fwNh1unDRu12O327/1i\naJgVQCgvdOley4kCggEBAMVu8ylF2iRsc2lfMEqbCTMI4VXKa9bXuOh5ElncnMf7\nBVyM0+szJKa3S5iBioOhY87cLp3as8xIVJa+u0RgVEjZp9tsENqiTMgpRGsNMYZ4\nIPJiR9Yw8KPVj+QY0v5+zI2lQIbQXhX0igoKJPdVp7t51Whf3zpg6qSed/VFYI1K\nwY5Dh3sjZ6IjZUHG1TH+5L6YbEUiV8mB5Fvahr+4lLkDHosi+ESrGTtjZIj799xl\n66tAM5z6MppGBUaQ3VuCX5PGwTpKNtbTQXYbO2xpAP72JP2YfMst0FrxfFga5xKp\nYFqEVLnm2FTGJW7B5yAkZoqlAE/UNuZBsCD8FrSi9PMCggEASIye8IaGYvB9TZB7\nLtwMafplPCA2yNw+SEUr78IVf/xr4TCVAt+KpMXEVAhZmSBaXqWgHKGAV2FvlPvu\nmIeQiNXe4XkvRHetOvJQG1tqESxsL4MtS3lE2YdWTLM/5rxEtTw+OI887bCUwJzY\nJdFcvZu42mjjXfyJhLDlrSrWCcznjMl2DBPEPbifCQnVCh7CoL93JpB3I1I0ZUoK\npo/i7Fe/kqxLVPeTVzQgcWi1u32wpd72z5Kx3oZAL0pRYd8HA8IwDDXpPW3LrKrh\n2JHl0kMSmbJnyio8SvpbtrW7d3sjywP2fDe1jT1X7rpA+A3Y2393xFIH0dSgfASo\nH5gOuQKCAQAlQAq21cwTpTadQe1tlhTFQT6qnhd8oJTtn7I7rCkUfiMD1DpDnRGk\nNt8XdhF5RmD7bYWKGPJlb5wuGOxiOT6NxCssdhYz+f08orSa8hFPCqlEshBVtEQi\n1S9h3OEqTSgw7WXgSb4GrG3C+SkCVXHhKFqAZ95JOHHs/00oxJ8z6U/dlJYiQIrU\nB5OaNnaRCUOFRmLfJFyl01EPl4pm7993jMQdgkqPQizvjJAyXD/moIA3flR+oKId\ng2qJZtms40s/KXfZlJkGLTOjof2zNZiPgkd2ZWfeOdWe4wMP6HuChNx+F4uYy5oz\nXHNBk2oVIWkLbZhCd4qoJOqjPozWJgzLAoIBAGuXO51lurXGBF5H7XqApMxPxEE9\nfIxypdMwRXYheubTAcfpiZ/eZ/qY/6PaMt0T0Z6u1wHVTgc/4Q2IzYVnVqjg3AVV\nNQduEnkcL40drntda2Gfs0svPPYh8B69rwo0sYA8KPK5PHpJzSJ/C9k964e26v6k\nFTuo5yoe7Uk/QNEjHCAcx/P37kJ8kNdMayvMSEWdeA2l6gB/d58KSwvfgnfigFhD\nMzcZBx+lzM/PzFm+XZ8N/n/3xpw45Fgb9+XYpfaWQVWDu2ympqqOQXwe72+kcw9j\nJROoseuNEnFha+gpMGe0yk3CHPCp2cpZnTgoSqR0C2qEnyG8x0cuWMcjTR0=\n-----END RSA PRIVATE KEY-----\n",
            "private_key_pem_pkcs8": "-----BEGIN PRIVATE KEY-----\nMIIJQgIBADANBgkqhkiG9w0BAQEFAASCCSwwggkoAgEAAoICAQC9BpsrAO1kyHpJ\n48ulmCEjFsvD7fv3qAL+GiqCaGA4q8YfWbNm8H4ssVabYwSTODUU6Fqx1BE8KD1Y\nutW792pnoUZjNFH37SRN4ZKOgUmE8IBPQBriWOcoW9xxluTRZOBfH+aGCHxwzCBl\nlgfJxnI4R0/Xt2j97JTyO6/T82piOA3VRez38okFLqopdTsSWmmuKLQ9KtxeJ4u9\nkd8OH4uB0k2MEygz6ttuQ5mhoQsBBQSEUsTH+qjpbN/+DNJucwAliLX6s/K8kcvk\nJ0bdaFZ6Uf51NEPIo/UfRz2eRfkU9RM0Zm9DEiGaN8ijLGp4ljr208KbGrXQ96a8\ns39SfRurkKn/av0fhYj2VudvYRLMJpx/xKYtw8cP4EJxTtyRXKnkSb0GYaKiRGun\n7j7zTAnGTV1jx3JcUs57JeDoQhGuNwAy8RWDkrAAwNdNco0c6O+fUIgKKv+Z6NGe\nYjgBFre0ORRCfarhI/OqOdN2NUI7iMp9lbhUPy/Li1Az5H5iKA6wEUtb9q5Yz/rH\nUQsh9zzZk+HvszArZ0HKsNt26e9J3z1jP1ro46sxRYb2hKxNzWsGgTMeyTKK3fhh\nDHK7SOcZK5BmKj8MJIoVwT2Zeo07Rni+c5EJhT4I8I4t1Y5dwz0CJLc8UCucHNtK\n9TKb4+NNlXNjPnjZvXRvEylG/6vHCwIDAQABAoICAQCzwL56LI2T05mG/prARGTu\nq1TmYz/DCQCfh155WKx399GWKoUSFQzHj3Sem5DUNxUzZqoohVRGcrWz1Sg/cU68\ncX8wA6cXL2ngrevinEu/ob1Cn+Fw8b4QgRqm4imCfn1nuDxNpXBBC7ybHgsV9CLW\nJeplZsLvBbW2jM/trIK0GD3/XFm2h+uJBBFJD3Q3RcdNmOOdb07UMqMOiNMm6RSP\nRd/8npMSm/pDZwGH1E9UjuL2uobq7REHuUNgoezSn4W6K8FyQQFKFRNhSYB4OCpU\nc/iYmDUFbfVB40tTYZM2PMAginCvxWQy9W1Uzn4JYkN8SW+8c7AGohrrQ36GgPZ3\nkWvuOFun0BE1J/P3K0mIi29kEOW03Y5DNKdCS6UBgZHed84+yxgAusC+dnqMfwMQ\njAsWSrBwnrstzudsLz0bIr2cU4g5dqUoZRBkOTb0fGmctYVrN9wCkRtLvD/qN6Wf\ndJW1kyfghyIPvdRwKSrd7Kq2DqUBxmf1Xh0iPQXogp0cWGGHK4K5Gf8H/UlCd5CN\nk35p7y4VIU/g2TKKpQtVVd5qb5DKoEKZhHAd3UXAZTLyVOXfvIH9ChJ2cOMNFkaN\n3caIrCdFYJmDtgE4rL65nRU9mNUxUmAvEyoks+q3YbbxeJhOL/rapT1xSZsuVfsW\ncpLneUnTfgWcdpVVRdCcIQKCAQEA9Rkve68rgIGla2dnpnbkMfkMWH0kSqB8Nnfa\nljrYy0CYakPHuQKDoGjZFKlcF4P/ngdY6JjvPSL/LJWyOcAQQ3CTed798y92ylmX\nlaEis5XP4m5pvUkgWvQAh0I9z/5ALnbkz/86U+xy02dMquORnEQ7dyX2qxr0O0+R\nH5YMLPW82hLAB7sQvVsG0XDYQ7jaolGh73JKnEqVTJXb+zrc8JUDr/ltnTI3ipit\n82z6obP2mSd0GOHWqHgE0un729jKoVtiM2nKH3lo4Q+5T+AYjDZGjxcgdTZPU8sk\nyvtsUfVoItXvnLzx/A2HW6cNG7XY7fbv/WJomBVAKC906V7LiQKCAQEAxW7zKUXa\nJGxzaV8wSpsJMwjhVcpr1te46HkSWdycx/sFXIzT6zMkprdLmIGKg6Fjztwundqz\nzEhUlr67RGBUSNmn22wQ2qJMyClEaw0xhngg8mJH1jDwo9WP5BjS/n7MjaVAhtBe\nFfSKCgok91Wnu3nVaF/fOmDqpJ539UVgjUrBjkOHeyNnoiNlQcbVMf7kvphsRSJX\nyYHkW9qGv7iUuQMeiyL4RKsZO2NkiPv33GXrq0AznPoymkYFRpDdW4Jfk8bBOko2\n1tNBdhs7bGkA/vYk/Zh8yy3QWvF8WBrnEqlgWoRUuebYVMYlbsHnICRmiqUAT9Q2\n5kGwIPwWtKL08wKCAQBIjJ7whoZi8H1NkHsu3Axp+mU8IDbI3D5IRSvvwhV//Gvh\nMJUC34qkxcRUCFmZIFpepaAcoYBXYW+U++6Yh5CI1d7heS9Ed6068lAbW2oRLGwv\ngy1LeUTZh1ZMsz/mvES1PD44jzztsJTAnNgl0Vy9m7jaaONd/ImEsOWtKtYJzOeM\nyXYME8Q9uJ8JCdUKHsKgv3cmkHcjUjRlSgqmj+LsV7+SrEtU95NXNCBxaLW7fbCl\n3vbPkrHehkAvSlFh3wcDwjAMNek9bcusquHYkeXSQxKZsmfKKjxK+lu2tbt3eyPL\nA/Z8N7WNPVfuukD4Ddjbf3fEUgfR1KB8BKgfmA65AoIBACVACrbVzBOlNp1B7W2W\nFMVBPqqeF3yglO2fsjusKRR+IwPUOkOdEaQ23xd2EXlGYPtthYoY8mVvnC4Y7GI5\nPo3EKyx2FjP5/TyitJryEU8KqUSyEFW0RCLVL2Hc4SpNKDDtZeBJvgasbcL5KQJV\nceEoWoBn3kk4cez/TSjEnzPpT92UliJAitQHk5o2dpEJQ4VGYt8kXKXTUQ+Ximbv\n33eMxB2CSo9CLO+MkDJcP+aggDd+VH6goh2Daolm2azjSz8pd9mUmQYtM6Oh/bM1\nmI+CR3ZlZ9451Z7jAw/oe4KE3H4Xi5jLmjNcc0GTahUhaQttmEJ3iqgk6qM+jNYm\nDMsCggEAa5c7nWW6tcYEXkfteoCkzE/EQT18jHKl0zBFdiF65tMBx+mJn95n+pj/\no9oy3RPRnq7XAdVOBz/hDYjNhWdWqODcBVU1B24SeRwvjR2ue11rYZ+zSy889iHw\nHr2vCjSxgDwo8rk8eknNIn8L2T3rh7bq/qQVO6jnKh7tST9A0SMcIBzH8/fuQnyQ\n10xrK8xIRZ14DaXqAH93nwpLC9+Cd+KAWEMzNxkHH6XMz8/MWb5dnw3+f/fGnDjk\nWBv35dil9pZBVYO7bKamqo5BfB7vb6RzD2MlE6ix640ScWFr6CkwZ7TKTcIc8KnZ\nylmdOChKpHQLaoSfIbzHRy5YxyNNHQ==\n-----END PRIVATE KEY-----\n",
            "public_key_fingerprint_md5": "06:32:af:25:e7:e9:79:3d:f7:b7:9c:65:26:bd:46:35",
            "public_key_fingerprint_sha256": "SHA256:cJ0mrPuuX9bq38qsB02Bnw6p2rqt9a6uUStwisk4RGI",
            "public_key_openssh": "ssh-rsa AAAAB3NzaC1yc2EAAAADAQABAAACAQC9BpsrAO1kyHpJ48ulmCEjFsvD7fv3qAL+GiqCaGA4q8YfWbNm8H4ssVabYwSTODUU6Fqx1BE8KD1YutW792pnoUZjNFH37SRN4ZKOgUmE8IBPQBriWOcoW9xxluTRZOBfH+aGCHxwzCBllgfJxnI4R0/Xt2j97JTyO6/T82piOA3VRez38okFLqopdTsSWmmuKLQ9KtxeJ4u9kd8OH4uB0k2MEygz6ttuQ5mhoQsBBQSEUsTH+qjpbN/+DNJucwAliLX6s/K8kcvkJ0bdaFZ6Uf51NEPIo/UfRz2eRfkU9RM0Zm9DEiGaN8ijLGp4ljr208KbGrXQ96a8s39SfRurkKn/av0fhYj2VudvYRLMJpx/xKYtw8cP4EJxTtyRXKnkSb0GYaKiRGun7j7zTAnGTV1jx3JcUs57JeDoQhGuNwAy8RWDkrAAwNdNco0c6O+fUIgKKv+Z6NGeYjgBFre0ORRCfarhI/OqOdN2NUI7iMp9lbhUPy/Li1Az5H5iKA6wEUtb9q5Yz/rHUQsh9zzZk+HvszArZ0HKsNt26e9J3z1jP1ro46sxRYb2hKxNzWsGgTMeyTKK3fhhDHK7SOcZK5BmKj8MJIoVwT2Zeo07Rni+c5EJhT4I8I4t1Y5dwz0CJLc8UCucHNtK9TKb4+NNlXNjPnjZvXRvEylG/6vHCw==\n",
            "public_key_pem": "-----BEGIN PUBLIC KEY-----\nMIICIjANBgkqhkiG9w0BAQEFAAOCAg8AMIICCgKCAgEAvQabKwDtZMh6SePLpZgh\nIxbLw+3796gC/hoqgmhgOKvGH1mzZvB+LLFWm2MEkzg1FOhasdQRPCg9WLrVu/dq\nZ6FGYzRR9+0kTeGSjoFJhPCAT0Aa4ljnKFvccZbk0WTgXx/mhgh8cMwgZZYHycZy\nOEdP17do/eyU8juv0/NqYjgN1UXs9/KJBS6qKXU7Elpprii0PSrcXieLvZHfDh+L\ngdJNjBMoM+rbbkOZoaELAQUEhFLEx/qo6Wzf/gzSbnMAJYi1+rPyvJHL5CdG3WhW\nelH+dTRDyKP1H0c9nkX5FPUTNGZvQxIhmjfIoyxqeJY69tPCmxq10PemvLN/Un0b\nq5Cp/2r9H4WI9lbnb2ESzCacf8SmLcPHD+BCcU7ckVyp5Em9BmGiokRrp+4+80wJ\nxk1dY8dyXFLOeyXg6EIRrjcAMvEVg5KwAMDXTXKNHOjvn1CICir/mejRnmI4ARa3\ntDkUQn2q4SPzqjnTdjVCO4jKfZW4VD8vy4tQM+R+YigOsBFLW/auWM/6x1ELIfc8\n2ZPh77MwK2dByrDbdunvSd89Yz9a6OOrMUWG9oSsTc1rBoEzHskyit34YQxyu0jn\nGSuQZio/DCSKFcE9mXqNO0Z4vnORCYU+CPCOLdWOXcM9AiS3PFArnBzbSvUym+Pj\nTZVzYz542b10bxMpRv+rxwsCAwEAAQ==\n-----END PUBLIC KEY-----\n",
            "rsa_bits": 4096
          }
        }
      ]
    }
  ]
}
